<?xml version="1.0" encoding="utf-8"?>
<Project ToolsVersion="4.0" xmlns="http://schemas.microsoft.com/developer/msbuild/2003">
  <ItemGroup>
    <Filter Include="ソース ファイル">
      <UniqueIdentifier>{4FC737F1-C7A5-4376-A066-2A32D752A2FF}</UniqueIdentifier>
      <Extensions>cpp;c;cc;cxx;def;odl;idl;hpj;bat;asm;asmx</Extensions>
    </Filter>
    <Filter Include="ヘッダー ファイル">
      <UniqueIdentifier>{93995380-89BD-4b04-88EB-625FBE52EBFB}</UniqueIdentifier>
      <Extensions>h;hh;hpp;hxx;hm;inl;inc;xsd</Extensions>
    </Filter>
    <Filter Include="リソース ファイル">
      <UniqueIdentifier>{67DA6AB6-F800-4c08-8B7A-83BB121AAD01}</UniqueIdentifier>
      <Extensions>rc;ico;cur;bmp;dlg;rc2;rct;bin;rgs;gif;jpg;jpeg;jpe;resx;tiff;tif;png;wav;mfcribbon-ms</Extensions>
    </Filter>
    <Filter Include="ソース ファイル\System">
      <UniqueIdentifier>{76d13d93-842a-4f42-8949-39eb525156dd}</UniqueIdentifier>
    </Filter>
    <Filter Include="ヘッダー ファイル\System">
      <UniqueIdentifier>{4342b3ba-dbfa-4ecc-b4e1-cd2e26ebcf43}</UniqueIdentifier>
    </Filter>
    <Filter Include="ソース ファイル\MainGame">
      <UniqueIdentifier>{a64ddfd5-3076-40f1-8a95-428772a876b9}</UniqueIdentifier>
    </Filter>
    <Filter Include="ヘッダー ファイル\MainGame">
      <UniqueIdentifier>{54308c0b-5c95-4f1e-910e-03bc06a1602e}</UniqueIdentifier>
    </Filter>
  </ItemGroup>
  <ItemGroup>
    <ClCompile Include="main.cpp">
      <Filter>ソース ファイル</Filter>
    </ClCompile>
    <ClCompile Include="Easing.cpp">
      <Filter>ソース ファイル\System</Filter>
    </ClCompile>
    <ClCompile Include="EasingManager.cpp">
      <Filter>ソース ファイル\System</Filter>
    </ClCompile>
    <ClCompile Include="GameTask.cpp">
      <Filter>ソース ファイル\System</Filter>
    </ClCompile>
    <ClCompile Include="Stopwatch.cpp">
      <Filter>ソース ファイル\System</Filter>
    </ClCompile>
    <ClCompile Include="CMainGame.cpp">
      <Filter>ソース ファイル\MainGame</Filter>
    </ClCompile>
    <ClCompile Include="TextManager.cpp">
      <Filter>ソース ファイル\System</Filter>
    </ClCompile>
    <ClCompile Include="TexturePacker.cpp">
      <Filter>ソース ファイル\System</Filter>
    </ClCompile>
    <ClCompile Include="CScene.cpp">
      <Filter>ソース ファイル\System</Filter>
    </ClCompile>
    <ClCompile Include="CM_Img_Test.cpp">
      <Filter>ソース ファイル\MainGame</Filter>
    </ClCompile>
    <ClCompile Include="CGlobal.cpp">
      <Filter>ソース ファイル</Filter>
    </ClCompile>
    <ClCompile Include="CM_Img_Block.cpp">
      <Filter>ソース ファイル\MainGame</Filter>
    </ClCompile>
    <ClCompile Include="CM_Sys_MapGenerator.cpp">
      <Filter>ソース ファイル\MainGame</Filter>
    </ClCompile>
  </ItemGroup>
  <ItemGroup>
    <ClInclude Include="Easing.h">
      <Filter>ヘッダー ファイル\System</Filter>
    </ClInclude>
    <ClInclude Include="EasingManager.h">
      <Filter>ヘッダー ファイル\System</Filter>
    </ClInclude>
    <ClInclude Include="GameTask.h">
      <Filter>ヘッダー ファイル\System</Filter>
    </ClInclude>
    <ClInclude Include="Stopwatch.h">
      <Filter>ヘッダー ファイル\System</Filter>
    </ClInclude>
    <ClInclude Include="CMainGame.h">
      <Filter>ヘッダー ファイル\MainGame</Filter>
    </ClInclude>
    <ClInclude Include="TextManager.h">
      <Filter>ヘッダー ファイル\System</Filter>
    </ClInclude>
    <ClInclude Include="TexturePacker.h">
      <Filter>ヘッダー ファイル\System</Filter>
    </ClInclude>
    <ClInclude Include="Include.h">
      <Filter>ヘッダー ファイル</Filter>
    </ClInclude>
    <ClInclude Include="CScene.h">
      <Filter>ヘッダー ファイル\System</Filter>
    </ClInclude>
    <ClInclude Include="CM_Img_Test.h">
      <Filter>ヘッダー ファイル\MainGame</Filter>
    </ClInclude>
    <ClInclude Include="CGlobal.h">
      <Filter>ヘッダー ファイル</Filter>
    </ClInclude>
    <ClInclude Include="CM_Img_Block.h">
      <Filter>ヘッダー ファイル\MainGame</Filter>
    </ClInclude>
    <ClInclude Include="CM_Sys_MapGenerator.h">
      <Filter>ヘッダー ファイル\MainGame</Filter>
    </ClInclude>
  </ItemGroup>
</Project>