<?xml version="1.0" encoding="utf-8"?>
<Project ToolsVersion="4.0" xmlns="http://schemas.microsoft.com/developer/msbuild/2003">
  <ItemGroup>
    <ClCompile Include="TexturePacker.cpp">
      <Filter>ソースファイル\System</Filter>
    </ClCompile>
    <ClCompile Include="AnimationImage.cpp">
      <Filter>ソースファイル\System</Filter>
    </ClCompile>
    <ClCompile Include="CharacterImage.cpp">
      <Filter>ソースファイル\System</Filter>
    </ClCompile>
    <ClCompile Include="Easing.cpp">
      <Filter>ソースファイル\System</Filter>
    </ClCompile>
    <ClCompile Include="EasingManager.cpp">
      <Filter>ソースファイル\System</Filter>
    </ClCompile>
    <ClCompile Include="GameTask.cpp">
      <Filter>ソースファイル\System</Filter>
    </ClCompile>
    <ClCompile Include="Stopwatch.cpp">
      <Filter>ソースファイル\System</Filter>
    </ClCompile>
    <ClCompile Include="TextManager.cpp">
      <Filter>ソースファイル\System</Filter>
    </ClCompile>
    <ClCompile Include="CM_Img_Block.cpp">
      <Filter>ソースファイル\MainGame</Filter>
    </ClCompile>
    <ClCompile Include="CM_Img_Test.cpp">
      <Filter>ソースファイル\MainGame</Filter>
    </ClCompile>
    <ClCompile Include="CM_Sys_MapGenerator.cpp">
      <Filter>ソースファイル\MainGame</Filter>
    </ClCompile>
    <ClCompile Include="CMainGame.cpp">
      <Filter>ソースファイル\MainGame</Filter>
    </ClCompile>
    <ClCompile Include="CResult.cpp">
      <Filter>ソースファイル\Result</Filter>
    </ClCompile>
    <ClCompile Include="CR_Background.cpp">
      <Filter>ソースファイル\Result</Filter>
    </ClCompile>
    <ClCompile Include="CScene.cpp">
      <Filter>ソースファイル\System</Filter>
    </ClCompile>
    <ClCompile Include="CTitle.cpp">
      <Filter>ソースファイル\Title</Filter>
    </ClCompile>
    <ClCompile Include="CTI_Background.cpp">
      <Filter>ソースファイル\Title</Filter>
    </ClCompile>
    <ClCompile Include="CTutorial.cpp">
      <Filter>ヘッダーファイル\Tutorial</Filter>
    </ClCompile>
    <ClCompile Include="CTU_Background.cpp">
      <Filter>ソースファイル\Tutorial</Filter>
    </ClCompile>
    <ClCompile Include="CGlobal.cpp">
      <Filter>ソースファイル</Filter>
    </ClCompile>
    <ClCompile Include="main.cpp">
      <Filter>ソースファイル</Filter>
    </ClCompile>
    <ClCompile Include="CM_Img_Number.cpp">
      <Filter>ソースファイル\MainGame</Filter>
    </ClCompile>
    <ClCompile Include="CM_ParameterSystem.cpp">
      <Filter>ソースファイル\MainGame</Filter>
    </ClCompile>
    <ClCompile Include="CM_View_State.cpp">
      <Filter>ソースファイル\MainGame</Filter>
    </ClCompile>
    <ClCompile Include="CM_Img_Player.cpp">
      <Filter>ソースファイル\MainGame</Filter>
    </ClCompile>
    <ClCompile Include="CM_Background.cpp">
      <Filter>ソースファイル\MainGame</Filter>
    </ClCompile>
  </ItemGroup>
  <ItemGroup>
    <ClInclude Include="resource.h" />
    <ClInclude Include="AnimationDetail.h">
      <Filter>ヘッダーファイル\System</Filter>
    </ClInclude>
    <ClInclude Include="AnimationImage.h">
      <Filter>ヘッダーファイル\System</Filter>
    </ClInclude>
    <ClInclude Include="CharacterImage.h">
      <Filter>ヘッダーファイル\System</Filter>
    </ClInclude>
    <ClInclude Include="Easing.h">
      <Filter>ヘッダーファイル\System</Filter>
    </ClInclude>
    <ClInclude Include="EasingManager.h">
      <Filter>ヘッダーファイル\System</Filter>
    </ClInclude>
    <ClInclude Include="GameTask.h">
      <Filter>ヘッダーファイル\System</Filter>
    </ClInclude>
    <ClInclude Include="Stopwatch.h">
      <Filter>ヘッダーファイル\System</Filter>
    </ClInclude>
    <ClInclude Include="TextManager.h">
      <Filter>ヘッダーファイル\System</Filter>
    </ClInclude>
    <ClInclude Include="TexturePacker.h">
      <Filter>ヘッダーファイル\System</Filter>
    </ClInclude>
    <ClInclude Include="CMainGame.h">
      <Filter>ヘッダーファイル\MainGame</Filter>
    </ClInclude>
    <ClInclude Include="CM_Img_Block.h">
      <Filter>ヘッダーファイル\MainGame</Filter>
    </ClInclude>
    <ClInclude Include="CM_Img_Test.h">
      <Filter>ヘッダーファイル\MainGame</Filter>
    </ClInclude>
    <ClInclude Include="CM_Sys_MapGenerator.h">
      <Filter>ヘッダーファイル\MainGame</Filter>
    </ClInclude>
    <ClInclude Include="CR_Background.h">
      <Filter>ヘッダーファイル\Result</Filter>
    </ClInclude>
    <ClInclude Include="CResult.h">
      <Filter>ヘッダーファイル\Result</Filter>
    </ClInclude>
    <ClInclude Include="CScene.h">
      <Filter>ヘッダーファイル\System</Filter>
    </ClInclude>
    <ClInclude Include="CTI_Background.h">
      <Filter>ヘッダーファイル\Title</Filter>
    </ClInclude>
    <ClInclude Include="CTitle.h">
      <Filter>ヘッダーファイル\Title</Filter>
    </ClInclude>
    <ClInclude Include="CTU_Background.h">
      <Filter>ヘッダーファイル\Tutorial</Filter>
    </ClInclude>
    <ClInclude Include="CTutorial.h">
      <Filter>ヘッダーファイル\Tutorial</Filter>
    </ClInclude>
    <ClInclude Include="SM_Sys_MapData.h">
      <Filter>ヘッダーファイル\MainGame</Filter>
    </ClInclude>
    <ClInclude Include="Include.h">
      <Filter>ヘッダーファイル</Filter>
    </ClInclude>
    <ClInclude Include="CGlobal.h">
      <Filter>ヘッダーファイル</Filter>
    </ClInclude>
    <ClInclude Include="CM_Img_Number.h">
      <Filter>ヘッダーファイル\MainGame</Filter>
    </ClInclude>
    <ClInclude Include="CM_ParameterSystem.h">
      <Filter>ヘッダーファイル\MainGame</Filter>
    </ClInclude>
    <ClInclude Include="GameStatus.h">
      <Filter>ヘッダーファイル\MainGame</Filter>
    </ClInclude>
    <ClInclude Include="StageParameter.h">
      <Filter>ヘッダーファイル\MainGame</Filter>
    </ClInclude>
    <ClInclude Include="CM_View_State.h">
      <Filter>ヘッダーファイル\MainGame</Filter>
    </ClInclude>
    <ClInclude Include="CM_Img_Player.h">
      <Filter>ヘッダーファイル\MainGame</Filter>
    </ClInclude>
    <ClInclude Include="CM_Background.h">
      <Filter>ヘッダーファイル\MainGame</Filter>
    </ClInclude>
  </ItemGroup>
  <ItemGroup>
    <Filter Include="ヘッダーファイル">
      <UniqueIdentifier>{b28a1589-19ed-4c2e-896b-9b9256d970c7}</UniqueIdentifier>
    </Filter>
    <Filter Include="ソースファイル">
      <UniqueIdentifier>{5f4464e8-d9e3-4f93-9840-f7dcd1db9f40}</UniqueIdentifier>
    </Filter>
    <Filter Include="ソースファイル\MainGame">
      <UniqueIdentifier>{3a16b73e-07b9-42b6-afc3-22252ac7e301}</UniqueIdentifier>
    </Filter>
    <Filter Include="ソースファイル\Result">
      <UniqueIdentifier>{48acf2b4-6405-4c9d-9512-e0b89722e29b}</UniqueIdentifier>
    </Filter>
    <Filter Include="ソースファイル\Title">
      <UniqueIdentifier>{b288a5b3-e31c-4a6e-8c07-a917a1c4908d}</UniqueIdentifier>
    </Filter>
    <Filter Include="ソースファイル\Tutorial">
      <UniqueIdentifier>{456dd4e4-cacd-4e67-b37e-c6afbe2687a7}</UniqueIdentifier>
    </Filter>
    <Filter Include="ヘッダーファイル\MainGame">
      <UniqueIdentifier>{1d1c3139-a1e3-4d1c-9f72-c0f85380d1fc}</UniqueIdentifier>
    </Filter>
    <Filter Include="ヘッダーファイル\Tutorial">
      <UniqueIdentifier>{39447dcb-9c92-4afe-8458-ed9df3d42d1e}</UniqueIdentifier>
    </Filter>
    <Filter Include="ヘッダーファイル\Title">
      <UniqueIdentifier>{574d7159-2a44-49f9-89b8-7f1db8be1180}</UniqueIdentifier>
    </Filter>
    <Filter Include="ヘッダーファイル\Result">
      <UniqueIdentifier>{044ead95-240b-4150-b143-d9cdfc35b4d0}</UniqueIdentifier>
    </Filter>
    <Filter Include="ヘッダーファイル\System">
      <UniqueIdentifier>{1ea8a841-17b7-4dd0-8f42-a866640304b9}</UniqueIdentifier>
    </Filter>
    <Filter Include="ソースファイル\System">
      <UniqueIdentifier>{843f5551-752e-4edf-b5fd-952bb6b0f175}</UniqueIdentifier>
    </Filter>
  </ItemGroup>
</Project>